# THIS IS AN AUTOGENERATED FILE. DO NOT EDIT THIS FILE DIRECTLY.
# yarn lockfile v1


"@tauri-apps/cli-darwin-arm64@1.0.0-rc.10":
  version "1.0.0-rc.10"
  resolved "https://registry.npmjs.org/@tauri-apps/cli-darwin-arm64/-/cli-darwin-arm64-1.0.0-rc.10.tgz#bea999bfecb88ef38b5459fff1e3d29fd41f6226"
  integrity sha512-KwnAAsR+H/U9NPF2P3UvZ0orfh/e8ng639GCvQoN/7b/EYzkLXYWGFd1sddTSSu8BM4OvIVXK1B86pn1xFohyg==

"@tauri-apps/cli-darwin-x64@1.0.0-rc.10":
  version "1.0.0-rc.10"
  resolved "https://registry.npmjs.org/@tauri-apps/cli-darwin-x64/-/cli-darwin-x64-1.0.0-rc.10.tgz#9b0de84671d22dc9a13b890278ccf406cc94969a"
  integrity sha512-xIH+UnZPofpx4n3aphu2SD45uPXtX3rlsI5aO0ANsDWN/esuAAwRnh+JR+NlmJXPKwy1BNz9pewczE5JO5BdqA==

"@tauri-apps/cli-linux-arm-gnueabihf@1.0.0-rc.10":
  version "1.0.0-rc.10"
  resolved "https://registry.npmjs.org/@tauri-apps/cli-linux-arm-gnueabihf/-/cli-linux-arm-gnueabihf-1.0.0-rc.10.tgz#6b9e9081d434855d940e78b4b364c2b1bb2752a8"
  integrity sha512-j0cVDcP7MPyOh8mC6pTiOnsGgxMc4GFlQGBUvriRkWFCrUbZPbq1Pxt/eTcroVGsT/ItCXvnYd9jEQ+e50LI3A==

"@tauri-apps/cli-linux-arm64-gnu@1.0.0-rc.10":
  version "1.0.0-rc.10"
  resolved "https://registry.npmjs.org/@tauri-apps/cli-linux-arm64-gnu/-/cli-linux-arm64-gnu-1.0.0-rc.10.tgz#634b3caf3cb39191551280932fe5b3d0ff8270c0"
  integrity sha512-usdftJI/Jx0Z6TK8YJaHp2BtcNlvHeIUOnh3SmThbbYzDSFDqEW2E/McbxEhJJ13FPLVMLiIZYPpH26gE3vQxw==

"@tauri-apps/cli-linux-arm64-musl@1.0.0-rc.10":
  version "1.0.0-rc.10"
  resolved "https://registry.npmjs.org/@tauri-apps/cli-linux-arm64-musl/-/cli-linux-arm64-musl-1.0.0-rc.10.tgz#3c356fae0e4f7eb2966297fddb1e800b0279726e"
  integrity sha512-zsOhkc477mbe5wSkNuLv+D6RmQvDiaV8rHTaur+B/pxk9F0SrCYoO0Slf6x08bIiSkjyL/gN0PxnOBbEBA0u4A==

"@tauri-apps/cli-linux-x64-gnu@1.0.0-rc.10":
  version "1.0.0-rc.10"
  resolved "https://registry.npmjs.org/@tauri-apps/cli-linux-x64-gnu/-/cli-linux-x64-gnu-1.0.0-rc.10.tgz#15d59c03eacc79fd4373421c42412a5191be5199"
  integrity sha512-ongWuhXieKwW+xaYPshw/59xYbZVH6JNw+KRb/054VFnfZe/ZDYbN86mCJIlegOq9WAkdc0XSm1EEDx3i9FYCg==

"@tauri-apps/cli-linux-x64-musl@1.0.0-rc.10":
  version "1.0.0-rc.10"
  resolved "https://registry.npmjs.org/@tauri-apps/cli-linux-x64-musl/-/cli-linux-x64-musl-1.0.0-rc.10.tgz#36fbfae8760e8aa9a62ab92a06ac871fa1a56a19"
  integrity sha512-3AXJEdhFlX/erLBXmBkRG+oWfFLMMaJALSnxvzerteSNWiaEzTngy9Mo1yeAT51FhvJ+dbYQv0BWvPPFRYzpTQ==

"@tauri-apps/cli-win32-ia32-msvc@1.0.0-rc.10":
  version "1.0.0-rc.10"
  resolved "https://registry.npmjs.org/@tauri-apps/cli-win32-ia32-msvc/-/cli-win32-ia32-msvc-1.0.0-rc.10.tgz#eb789d79ab207ef73263fc4468564da4901c58ef"
  integrity sha512-2SvSk9z51AfCsbch2fvX4GNo3s0b8TO/Kd9B6rDIZ7TUxwnGShJNup2+KGvBovKqFAPmgyrSbgyEMKhKc1B4iA==

"@tauri-apps/cli-win32-x64-msvc@1.0.0-rc.10":
  version "1.0.0-rc.10"
  resolved "https://registry.npmjs.org/@tauri-apps/cli-win32-x64-msvc/-/cli-win32-x64-msvc-1.0.0-rc.10.tgz#e8a315a71d9589f236f25e55178bdcfbfed83234"
  integrity sha512-mijSjeQGBGh6rvpkrqsSiTB4vwGprAXoDCmnIxliZ1Md4GgLMh8jzIug1UKAUmmIW1nOaQ9C9xu4wQXyoRqWHg==

"@tauri-apps/cli@^1.0.0-rc.9":
  version "1.0.0-rc.10"
  resolved "https://registry.npmjs.org/@tauri-apps/cli/-/cli-1.0.0-rc.10.tgz#95faac0ca838a8ee9b162a60918ffdd29d3df183"
  integrity sha512-njDei3F3mlnotnujUF0jWteZC39RCm6JNAxZpzTFvWKFI/650DoA9hHTMa6onbazVgmOWdrbMHYWU/xBC/jUTw==
  optionalDependencies:
    "@tauri-apps/cli-darwin-arm64" "1.0.0-rc.10"
    "@tauri-apps/cli-darwin-x64" "1.0.0-rc.10"
    "@tauri-apps/cli-linux-arm-gnueabihf" "1.0.0-rc.10"
    "@tauri-apps/cli-linux-arm64-gnu" "1.0.0-rc.10"
    "@tauri-apps/cli-linux-arm64-musl" "1.0.0-rc.10"
    "@tauri-apps/cli-linux-x64-gnu" "1.0.0-rc.10"
    "@tauri-apps/cli-linux-x64-musl" "1.0.0-rc.10"
    "@tauri-apps/cli-win32-ia32-msvc" "1.0.0-rc.10"
    "@tauri-apps/cli-win32-x64-msvc" "1.0.0-rc.10"
